{
    "_readme": [
        "This file locks the dependencies of your project to a known state",
        "Read more about it at https://getcomposer.org/doc/01-basic-usage.md#installing-dependencies",
        "This file is @generated automatically"
    ],
    "content-hash": "e85256a939220200777b69bb8bae5a08",
    "packages": [
        {
            "name": "bbsnly/chartjs-php",
            "version": "v4.0.1",
            "source": {
                "type": "git",
                "url": "https://github.com/bbsnly/chartjs-php.git",
                "reference": "23af1a1ec169ffdb978f5365448532a383f57af7"
            },
            "dist": {
                "type": "zip",
                "url": "https://api.github.com/repos/bbsnly/chartjs-php/zipball/23af1a1ec169ffdb978f5365448532a383f57af7",
                "reference": "23af1a1ec169ffdb978f5365448532a383f57af7",
                "shasum": ""
            },
            "require": {
                "php": ">=8.2"
            },
            "require-dev": {
                "phpunit/phpunit": "^11.0"
            },
            "type": "package",
            "autoload": {
                "psr-4": {
                    "Bbsnly\\ChartJs\\": "src/"
                }
            },
            "notification-url": "https://packagist.org/downloads/",
            "license": [
                "MIT"
            ],
            "authors": [
                {
                    "name": "Anatoliy Babushka",
                    "email": "anatoliybabushka@gmail.com"
                }
            ],
            "description": "PHP wrapper for Chart.js library",
            "homepage": "https://github.com/bbsnly/chartjs-php",
            "keywords": [
                "chartjs",
                "php"
            ],
            "support": {
                "issues": "https://github.com/bbsnly/chartjs-php/issues",
                "source": "https://github.com/bbsnly/chartjs-php/tree/v4.0.1"
            },
            "time": "2024-07-31T18:22:44+00:00"
        }
    ],
    "packages-dev": [],
    "aliases": [],
    "minimum-stability": "stable",
    "stability-flags": {},
    "prefer-stable": false,
    "prefer-lowest": false,
    "platform": {},
    "platform-dev": {},
    "plugin-api-version": "2.6.0"
}
